
Microsoft Visual Studio Solution File, Format Version 12.00
# Visual Studio Version 17
VisualStudioVersion = 17.5.002.0
MinimumVisualStudioVersion = 10.0.40219.1
Project("{9A19103F-16F7-4668-BE54-9A1E7A4F7556}") = "ConsoleApp1", "ConsoleApp1.csproj", "{DB920999-3EAC-4065-8904-2748DA18C60E}"
EndProject
Global
	GlobalSection(SolutionConfigurationPlatforms) = preSolution
		Debug|Any CPU = Debug|Any CPU
		Release|Any CPU = Release|Any CPU
	EndGlobalSection
	GlobalSection(ProjectConfigurationPlatforms) = postSolution
		{DB920999-3EAC-4065-8904-2748DA18C60E}.Debug|Any CPU.ActiveCfg = Debug|Any CPU
		{DB920999-3EAC-4065-8904-2748DA18C60E}.Debug|Any CPU.Build.0 = Debug|Any CPU
		{DB920999-3EAC-4065-8904-2748DA18C60E}.Release|Any CPU.ActiveCfg = Release|Any CPU
		{DB920999-3EAC-4065-8904-2748DA18C60E}.Release|Any CPU.Build.0 = Release|Any CPU
	EndGlobalSection
	GlobalSection(SolutionProperties) = preSolution
		HideSolutionNode = FALSE
	EndGlobalSection
	GlobalSection(ExtensibilityGlobals) = postSolution
		SolutionGuid = {2933B0F0-4EFD-4B79-83B1-C941665E994E}
	EndGlobalSection
EndGlobal
